
Microsoft Visual Studio Solution File, Format Version 12.00
# Visual Studio Version 17
VisualStudioVersion = 17.0.31903.59
MinimumVisualStudioVersion = 10.0.40219.1
Project("{2150E333-8FDC-42A3-9474-1A3956D46DE8}") = "src", "src", "{827E0CD3-B72D-47B6-A68D-7590B98EB39B}"
EndProject
Project("{2150E333-8FDC-42A3-9474-1A3956D46DE8}") = "Services", "Services", "{984BB9B3-3FA3-BE33-9484-CAC21695A33C}"
EndProject
Project("{2150E333-8FDC-42A3-9474-1A3956D46DE8}") = "Token", "Token", "{6909FB1D-EAC5-9EF3-37B3-04A8200CE0F3}"
EndProject
Project("{FAE04EC0-301F-11D3-BF4B-00C04F79EFBC}") = "TokenService.Api", "src\Services\Token\TokenService.Api\TokenService.Api.csproj", "{97FD5BCB-D164-4F52-8C64-5EA1C8D67963}"
EndProject
Project("{FAE04EC0-301F-11D3-BF4B-00C04F79EFBC}") = "TokenService.Application", "src\Services\Token\TokenService.Application\TokenService.Application.csproj", "{42C16BE7-49C7-4F1C-9C97-F1CDA0E18AEC}"
EndProject
Project("{FAE04EC0-301F-11D3-BF4B-00C04F79EFBC}") = "TokenService.Domain", "src\Services\Token\TokenService.Domain\TokenService.Domain.csproj", "{F7C7C3B8-7245-4488-9ECC-B37E2E0E881C}"
EndProject
Project("{FAE04EC0-301F-11D3-BF4B-00C04F79EFBC}") = "BuildingBlocks", "src\BuildingBlocks\BuildingBlocks.csproj", "{99FE3BA8-EC71-4478-A0C5-BDFD7C4F0FDA}"
EndProject
Project("{FAE04EC0-301F-11D3-BF4B-00C04F79EFBC}") = "TokenService.Infrastructure", "src\Services\Token\TokenService.Infrastructure\TokenService.Infrastructure.csproj", "{67450B0F-162F-44F0-9788-274C5B35C286}"
EndProject
Project("{2150E333-8FDC-42A3-9474-1A3956D46DE8}") = "Validation", "Validation", "{EA41D694-7CD1-CCB7-380A-ACC36FD0541F}"
EndProject
Project("{FAE04EC0-301F-11D3-BF4B-00C04F79EFBC}") = "ValidationService.Api", "src\Services\Validation\ValidationService.Api\ValidationService.Api.csproj", "{8E085873-CA46-43A7-AA14-BD4E8E6D1A38}"
EndProject
Project("{FAE04EC0-301F-11D3-BF4B-00C04F79EFBC}") = "ValidationService.Application", "src\Services\Validation\ValidationService.Application\ValidationService.Application.csproj", "{748872E6-7369-474E-9EA5-E78DAC8F0534}"
EndProject
Project("{FAE04EC0-301F-11D3-BF4B-00C04F79EFBC}") = "ValidationService.Domain", "src\Services\Validation\ValidationService.Domain\ValidationService.Domain.csproj", "{02661E32-1AD0-4BC6-8DD6-918935FCE61A}"
EndProject
Project("{FAE04EC0-301F-11D3-BF4B-00C04F79EFBC}") = "ValidationService.Infrastructure", "src\Services\Validation\ValidationService.Infrastructure\ValidationService.Infrastructure.csproj", "{D5C6F152-3972-45F5-8D57-42139E1BD9ED}"
EndProject
Project("{2150E333-8FDC-42A3-9474-1A3956D46DE8}") = "Account", "Account", "{BC44AD1E-60C9-9EA1-D7ED-687AA9EFEF7C}"
EndProject
Project("{FAE04EC0-301F-11D3-BF4B-00C04F79EFBC}") = "AccountService.Api", "src\Services\Account\AccountService.Api\AccountService.Api.csproj", "{FE4128BB-C380-45A8-A5AC-FF7801AF6C5F}"
EndProject
Project("{FAE04EC0-301F-11D3-BF4B-00C04F79EFBC}") = "AccountService.Application", "src\Services\Account\AccountService.Application\AccountService.Application.csproj", "{329E0280-621B-4DC2-8A27-B83B8767DEA2}"
EndProject
Project("{FAE04EC0-301F-11D3-BF4B-00C04F79EFBC}") = "AccountService.Domain", "src\Services\Account\AccountService.Domain\AccountService.Domain.csproj", "{E9E85412-F18B-433A-8B52-AC0319C648C4}"
EndProject
Project("{FAE04EC0-301F-11D3-BF4B-00C04F79EFBC}") = "AccountService.Infrastructure", "src\Services\Account\AccountService.Infrastructure\AccountService.Infrastructure.csproj", "{6AEE2E08-E313-4777-A38E-13CC53244586}"
EndProject
Project("{2150E333-8FDC-42A3-9474-1A3956D46DE8}") = "Gateway", "Gateway", "{6306A8FB-679E-111F-6585-8F70E0EE6013}"
EndProject
Project("{FAE04EC0-301F-11D3-BF4B-00C04F79EFBC}") = "ApiGateway", "src\Gateway\ApiGateway\ApiGateway.csproj", "{5C6871B7-C45B-4921-8E90-1D9AAFE25EE5}"
EndProject
Project("{2150E333-8FDC-42A3-9474-1A3956D46DE8}") = "Clients", "Clients", "{00B920E4-100F-D869-D8B1-04B3A2ED45DA}"
EndProject
Project("{FAE04EC0-301F-11D3-BF4B-00C04F79EFBC}") = "Wallet.Wasm", "src\Clients\Wallet.Wasm\Wallet.Wasm.csproj", "{BABDC51B-0DF1-44F5-B698-7E361BB49D34}"
EndProject
Project("{2150E333-8FDC-42A3-9474-1A3956D46DE8}") = "test", "test", "{0C88DD14-F956-CE84-757C-A364CCF449FC}"
EndProject
Project("{FAE04EC0-301F-11D3-BF4B-00C04F79EFBC}") = "TokenService.Tests", "test\TokenService.Tests\TokenService.Tests.csproj", "{E8008AEA-7A65-4EDE-890E-F6EAB4DCAF9E}"
EndProject
Project("{FAE04EC0-301F-11D3-BF4B-00C04F79EFBC}") = "ValidationService.Tests", "test\ValidationService.Tests\ValidationService.Tests.csproj", "{909CC7A4-1100-4B96-BB18-4B4A0B82CB0D}"
EndProject
Project("{FAE04EC0-301F-11D3-BF4B-00C04F79EFBC}") = "AccountService.Tests", "test\AccountService.Tests\AccountService.Tests.csproj", "{44D2E6E3-DAF2-4938-91C7-905E1E705F45}"
EndProject
Project("{FAE04EC0-301F-11D3-BF4B-00C04F79EFBC}") = "Wallet.Wasm.Tests", "test\Wallet.Wasm.Tests\Wallet.Wasm.Tests.csproj", "{95EB1353-1D20-4D3C-A52F-01499F3096A8}"
EndProject
Project("{FAE04EC0-301F-11D3-BF4B-00C04F79EFBC}") = "BuildingBlocks.Tests", "test\BuildingBlocks.Tests\BuildingBlocks.Tests.csproj", "{188B8812-2FC9-4914-9C4C-45693EC2B24F}"
EndProject
Global
	GlobalSection(SolutionConfigurationPlatforms) = preSolution
		Debug|Any CPU = Debug|Any CPU
		Debug|x64 = Debug|x64
		Debug|x86 = Debug|x86
		Release|Any CPU = Release|Any CPU
		Release|x64 = Release|x64
		Release|x86 = Release|x86
	EndGlobalSection
	GlobalSection(ProjectConfigurationPlatforms) = postSolution
		{97FD5BCB-D164-4F52-8C64-5EA1C8D67963}.Debug|Any CPU.ActiveCfg = Debug|Any CPU
		{97FD5BCB-D164-4F52-8C64-5EA1C8D67963}.Debug|Any CPU.Build.0 = Debug|Any CPU
		{97FD5BCB-D164-4F52-8C64-5EA1C8D67963}.Debug|x64.ActiveCfg = Debug|Any CPU
		{97FD5BCB-D164-4F52-8C64-5EA1C8D67963}.Debug|x64.Build.0 = Debug|Any CPU
		{97FD5BCB-D164-4F52-8C64-5EA1C8D67963}.Debug|x86.ActiveCfg = Debug|Any CPU
		{97FD5BCB-D164-4F52-8C64-5EA1C8D67963}.Debug|x86.Build.0 = Debug|Any CPU
		{97FD5BCB-D164-4F52-8C64-5EA1C8D67963}.Release|Any CPU.ActiveCfg = Release|Any CPU
		{97FD5BCB-D164-4F52-8C64-5EA1C8D67963}.Release|Any CPU.Build.0 = Release|Any CPU
		{97FD5BCB-D164-4F52-8C64-5EA1C8D67963}.Release|x64.ActiveCfg = Release|Any CPU
		{97FD5BCB-D164-4F52-8C64-5EA1C8D67963}.Release|x64.Build.0 = Release|Any CPU
		{97FD5BCB-D164-4F52-8C64-5EA1C8D67963}.Release|x86.ActiveCfg = Release|Any CPU
		{97FD5BCB-D164-4F52-8C64-5EA1C8D67963}.Release|x86.Build.0 = Release|Any CPU
		{42C16BE7-49C7-4F1C-9C97-F1CDA0E18AEC}.Debug|Any CPU.ActiveCfg = Debug|Any CPU
		{42C16BE7-49C7-4F1C-9C97-F1CDA0E18AEC}.Debug|Any CPU.Build.0 = Debug|Any CPU
		{42C16BE7-49C7-4F1C-9C97-F1CDA0E18AEC}.Debug|x64.ActiveCfg = Debug|Any CPU
		{42C16BE7-49C7-4F1C-9C97-F1CDA0E18AEC}.Debug|x64.Build.0 = Debug|Any CPU
		{42C16BE7-49C7-4F1C-9C97-F1CDA0E18AEC}.Debug|x86.ActiveCfg = Debug|Any CPU
		{42C16BE7-49C7-4F1C-9C97-F1CDA0E18AEC}.Debug|x86.Build.0 = Debug|Any CPU
		{42C16BE7-49C7-4F1C-9C97-F1CDA0E18AEC}.Release|Any CPU.ActiveCfg = Release|Any CPU
		{42C16BE7-49C7-4F1C-9C97-F1CDA0E18AEC}.Release|Any CPU.Build.0 = Release|Any CPU
		{42C16BE7-49C7-4F1C-9C97-F1CDA0E18AEC}.Release|x64.ActiveCfg = Release|Any CPU
		{42C16BE7-49C7-4F1C-9C97-F1CDA0E18AEC}.Release|x64.Build.0 = Release|Any CPU
		{42C16BE7-49C7-4F1C-9C97-F1CDA0E18AEC}.Release|x86.ActiveCfg = Release|Any CPU
		{42C16BE7-49C7-4F1C-9C97-F1CDA0E18AEC}.Release|x86.Build.0 = Release|Any CPU
		{F7C7C3B8-7245-4488-9ECC-B37E2E0E881C}.Debug|Any CPU.ActiveCfg = Debug|Any CPU
		{F7C7C3B8-7245-4488-9ECC-B37E2E0E881C}.Debug|Any CPU.Build.0 = Debug|Any CPU
		{F7C7C3B8-7245-4488-9ECC-B37E2E0E881C}.Debug|x64.ActiveCfg = Debug|Any CPU
		{F7C7C3B8-7245-4488-9ECC-B37E2E0E881C}.Debug|x64.Build.0 = Debug|Any CPU
		{F7C7C3B8-7245-4488-9ECC-B37E2E0E881C}.Debug|x86.ActiveCfg = Debug|Any CPU
		{F7C7C3B8-7245-4488-9ECC-B37E2E0E881C}.Debug|x86.Build.0 = Debug|Any CPU
		{F7C7C3B8-7245-4488-9ECC-B37E2E0E881C}.Release|Any CPU.ActiveCfg = Release|Any CPU
		{F7C7C3B8-7245-4488-9ECC-B37E2E0E881C}.Release|Any CPU.Build.0 = Release|Any CPU
		{F7C7C3B8-7245-4488-9ECC-B37E2E0E881C}.Release|x64.ActiveCfg = Release|Any CPU
		{F7C7C3B8-7245-4488-9ECC-B37E2E0E881C}.Release|x64.Build.0 = Release|Any CPU
		{F7C7C3B8-7245-4488-9ECC-B37E2E0E881C}.Release|x86.ActiveCfg = Release|Any CPU
		{F7C7C3B8-7245-4488-9ECC-B37E2E0E881C}.Release|x86.Build.0 = Release|Any CPU
		{99FE3BA8-EC71-4478-A0C5-BDFD7C4F0FDA}.Debug|Any CPU.ActiveCfg = Debug|Any CPU
		{99FE3BA8-EC71-4478-A0C5-BDFD7C4F0FDA}.Debug|Any CPU.Build.0 = Debug|Any CPU
		{99FE3BA8-EC71-4478-A0C5-BDFD7C4F0FDA}.Debug|x64.ActiveCfg = Debug|Any CPU
		{99FE3BA8-EC71-4478-A0C5-BDFD7C4F0FDA}.Debug|x64.Build.0 = Debug|Any CPU
		{99FE3BA8-EC71-4478-A0C5-BDFD7C4F0FDA}.Debug|x86.ActiveCfg = Debug|Any CPU
		{99FE3BA8-EC71-4478-A0C5-BDFD7C4F0FDA}.Debug|x86.Build.0 = Debug|Any CPU
		{99FE3BA8-EC71-4478-A0C5-BDFD7C4F0FDA}.Release|Any CPU.ActiveCfg = Release|Any CPU
		{99FE3BA8-EC71-4478-A0C5-BDFD7C4F0FDA}.Release|Any CPU.Build.0 = Release|Any CPU
		{99FE3BA8-EC71-4478-A0C5-BDFD7C4F0FDA}.Release|x64.ActiveCfg = Release|Any CPU
		{99FE3BA8-EC71-4478-A0C5-BDFD7C4F0FDA}.Release|x64.Build.0 = Release|Any CPU
		{99FE3BA8-EC71-4478-A0C5-BDFD7C4F0FDA}.Release|x86.ActiveCfg = Release|Any CPU
		{99FE3BA8-EC71-4478-A0C5-BDFD7C4F0FDA}.Release|x86.Build.0 = Release|Any CPU
		{67450B0F-162F-44F0-9788-274C5B35C286}.Debug|Any CPU.ActiveCfg = Debug|Any CPU
		{67450B0F-162F-44F0-9788-274C5B35C286}.Debug|Any CPU.Build.0 = Debug|Any CPU
		{67450B0F-162F-44F0-9788-274C5B35C286}.Debug|x64.ActiveCfg = Debug|Any CPU
		{67450B0F-162F-44F0-9788-274C5B35C286}.Debug|x64.Build.0 = Debug|Any CPU
		{67450B0F-162F-44F0-9788-274C5B35C286}.Debug|x86.ActiveCfg = Debug|Any CPU
		{67450B0F-162F-44F0-9788-274C5B35C286}.Debug|x86.Build.0 = Debug|Any CPU
		{67450B0F-162F-44F0-9788-274C5B35C286}.Release|Any CPU.ActiveCfg = Release|Any CPU
		{67450B0F-162F-44F0-9788-274C5B35C286}.Release|Any CPU.Build.0 = Release|Any CPU
		{67450B0F-162F-44F0-9788-274C5B35C286}.Release|x64.ActiveCfg = Release|Any CPU
		{67450B0F-162F-44F0-9788-274C5B35C286}.Release|x64.Build.0 = Release|Any CPU
		{67450B0F-162F-44F0-9788-274C5B35C286}.Release|x86.ActiveCfg = Release|Any CPU
		{67450B0F-162F-44F0-9788-274C5B35C286}.Release|x86.Build.0 = Release|Any CPU
		{8E085873-CA46-43A7-AA14-BD4E8E6D1A38}.Debug|Any CPU.ActiveCfg = Debug|Any CPU
		{8E085873-CA46-43A7-AA14-BD4E8E6D1A38}.Debug|Any CPU.Build.0 = Debug|Any CPU
		{8E085873-CA46-43A7-AA14-BD4E8E6D1A38}.Debug|x64.ActiveCfg = Debug|Any CPU
		{8E085873-CA46-43A7-AA14-BD4E8E6D1A38}.Debug|x64.Build.0 = Debug|Any CPU
		{8E085873-CA46-43A7-AA14-BD4E8E6D1A38}.Debug|x86.ActiveCfg = Debug|Any CPU
		{8E085873-CA46-43A7-AA14-BD4E8E6D1A38}.Debug|x86.Build.0 = Debug|Any CPU
		{8E085873-CA46-43A7-AA14-BD4E8E6D1A38}.Release|Any CPU.ActiveCfg = Release|Any CPU
		{8E085873-CA46-43A7-AA14-BD4E8E6D1A38}.Release|Any CPU.Build.0 = Release|Any CPU
		{8E085873-CA46-43A7-AA14-BD4E8E6D1A38}.Release|x64.ActiveCfg = Release|Any CPU
		{8E085873-CA46-43A7-AA14-BD4E8E6D1A38}.Release|x64.Build.0 = Release|Any CPU
		{8E085873-CA46-43A7-AA14-BD4E8E6D1A38}.Release|x86.ActiveCfg = Release|Any CPU
		{8E085873-CA46-43A7-AA14-BD4E8E6D1A38}.Release|x86.Build.0 = Release|Any CPU
		{748872E6-7369-474E-9EA5-E78DAC8F0534}.Debug|Any CPU.ActiveCfg = Debug|Any CPU
		{748872E6-7369-474E-9EA5-E78DAC8F0534}.Debug|Any CPU.Build.0 = Debug|Any CPU
		{748872E6-7369-474E-9EA5-E78DAC8F0534}.Debug|x64.ActiveCfg = Debug|Any CPU
		{748872E6-7369-474E-9EA5-E78DAC8F0534}.Debug|x64.Build.0 = Debug|Any CPU
		{748872E6-7369-474E-9EA5-E78DAC8F0534}.Debug|x86.ActiveCfg = Debug|Any CPU
		{748872E6-7369-474E-9EA5-E78DAC8F0534}.Debug|x86.Build.0 = Debug|Any CPU
		{748872E6-7369-474E-9EA5-E78DAC8F0534}.Release|Any CPU.ActiveCfg = Release|Any CPU
		{748872E6-7369-474E-9EA5-E78DAC8F0534}.Release|Any CPU.Build.0 = Release|Any CPU
		{748872E6-7369-474E-9EA5-E78DAC8F0534}.Release|x64.ActiveCfg = Release|Any CPU
		{748872E6-7369-474E-9EA5-E78DAC8F0534}.Release|x64.Build.0 = Release|Any CPU
		{748872E6-7369-474E-9EA5-E78DAC8F0534}.Release|x86.ActiveCfg = Release|Any CPU
		{748872E6-7369-474E-9EA5-E78DAC8F0534}.Release|x86.Build.0 = Release|Any CPU
		{02661E32-1AD0-4BC6-8DD6-918935FCE61A}.Debug|Any CPU.ActiveCfg = Debug|Any CPU
		{02661E32-1AD0-4BC6-8DD6-918935FCE61A}.Debug|Any CPU.Build.0 = Debug|Any CPU
		{02661E32-1AD0-4BC6-8DD6-918935FCE61A}.Debug|x64.ActiveCfg = Debug|Any CPU
		{02661E32-1AD0-4BC6-8DD6-918935FCE61A}.Debug|x64.Build.0 = Debug|Any CPU
		{02661E32-1AD0-4BC6-8DD6-918935FCE61A}.Debug|x86.ActiveCfg = Debug|Any CPU
		{02661E32-1AD0-4BC6-8DD6-918935FCE61A}.Debug|x86.Build.0 = Debug|Any CPU
		{02661E32-1AD0-4BC6-8DD6-918935FCE61A}.Release|Any CPU.ActiveCfg = Release|Any CPU
		{02661E32-1AD0-4BC6-8DD6-918935FCE61A}.Release|Any CPU.Build.0 = Release|Any CPU
		{02661E32-1AD0-4BC6-8DD6-918935FCE61A}.Release|x64.ActiveCfg = Release|Any CPU
		{02661E32-1AD0-4BC6-8DD6-918935FCE61A}.Release|x64.Build.0 = Release|Any CPU
		{02661E32-1AD0-4BC6-8DD6-918935FCE61A}.Release|x86.ActiveCfg = Release|Any CPU
		{02661E32-1AD0-4BC6-8DD6-918935FCE61A}.Release|x86.Build.0 = Release|Any CPU
		{D5C6F152-3972-45F5-8D57-42139E1BD9ED}.Debug|Any CPU.ActiveCfg = Debug|Any CPU
		{D5C6F152-3972-45F5-8D57-42139E1BD9ED}.Debug|Any CPU.Build.0 = Debug|Any CPU
		{D5C6F152-3972-45F5-8D57-42139E1BD9ED}.Debug|x64.ActiveCfg = Debug|Any CPU
		{D5C6F152-3972-45F5-8D57-42139E1BD9ED}.Debug|x64.Build.0 = Debug|Any CPU
		{D5C6F152-3972-45F5-8D57-42139E1BD9ED}.Debug|x86.ActiveCfg = Debug|Any CPU
		{D5C6F152-3972-45F5-8D57-42139E1BD9ED}.Debug|x86.Build.0 = Debug|Any CPU
		{D5C6F152-3972-45F5-8D57-42139E1BD9ED}.Release|Any CPU.ActiveCfg = Release|Any CPU
		{D5C6F152-3972-45F5-8D57-42139E1BD9ED}.Release|Any CPU.Build.0 = Release|Any CPU
		{D5C6F152-3972-45F5-8D57-42139E1BD9ED}.Release|x64.ActiveCfg = Release|Any CPU
		{D5C6F152-3972-45F5-8D57-42139E1BD9ED}.Release|x64.Build.0 = Release|Any CPU
		{D5C6F152-3972-45F5-8D57-42139E1BD9ED}.Release|x86.ActiveCfg = Release|Any CPU
		{D5C6F152-3972-45F5-8D57-42139E1BD9ED}.Release|x86.Build.0 = Release|Any CPU
		{FE4128BB-C380-45A8-A5AC-FF7801AF6C5F}.Debug|Any CPU.ActiveCfg = Debug|Any CPU
		{FE4128BB-C380-45A8-A5AC-FF7801AF6C5F}.Debug|Any CPU.Build.0 = Debug|Any CPU
		{FE4128BB-C380-45A8-A5AC-FF7801AF6C5F}.Debug|x64.ActiveCfg = Debug|Any CPU
		{FE4128BB-C380-45A8-A5AC-FF7801AF6C5F}.Debug|x64.Build.0 = Debug|Any CPU
		{FE4128BB-C380-45A8-A5AC-FF7801AF6C5F}.Debug|x86.ActiveCfg = Debug|Any CPU
		{FE4128BB-C380-45A8-A5AC-FF7801AF6C5F}.Debug|x86.Build.0 = Debug|Any CPU
		{FE4128BB-C380-45A8-A5AC-FF7801AF6C5F}.Release|Any CPU.ActiveCfg = Release|Any CPU
		{FE4128BB-C380-45A8-A5AC-FF7801AF6C5F}.Release|Any CPU.Build.0 = Release|Any CPU
		{FE4128BB-C380-45A8-A5AC-FF7801AF6C5F}.Release|x64.ActiveCfg = Release|Any CPU
		{FE4128BB-C380-45A8-A5AC-FF7801AF6C5F}.Release|x64.Build.0 = Release|Any CPU
		{FE4128BB-C380-45A8-A5AC-FF7801AF6C5F}.Release|x86.ActiveCfg = Release|Any CPU
		{FE4128BB-C380-45A8-A5AC-FF7801AF6C5F}.Release|x86.Build.0 = Release|Any CPU
		{329E0280-621B-4DC2-8A27-B83B8767DEA2}.Debug|Any CPU.ActiveCfg = Debug|Any CPU
		{329E0280-621B-4DC2-8A27-B83B8767DEA2}.Debug|Any CPU.Build.0 = Debug|Any CPU
		{329E0280-621B-4DC2-8A27-B83B8767DEA2}.Debug|x64.ActiveCfg = Debug|Any CPU
		{329E0280-621B-4DC2-8A27-B83B8767DEA2}.Debug|x64.Build.0 = Debug|Any CPU
		{329E0280-621B-4DC2-8A27-B83B8767DEA2}.Debug|x86.ActiveCfg = Debug|Any CPU
		{329E0280-621B-4DC2-8A27-B83B8767DEA2}.Debug|x86.Build.0 = Debug|Any CPU
		{329E0280-621B-4DC2-8A27-B83B8767DEA2}.Release|Any CPU.ActiveCfg = Release|Any CPU
		{329E0280-621B-4DC2-8A27-B83B8767DEA2}.Release|Any CPU.Build.0 = Release|Any CPU
		{329E0280-621B-4DC2-8A27-B83B8767DEA2}.Release|x64.ActiveCfg = Release|Any CPU
		{329E0280-621B-4DC2-8A27-B83B8767DEA2}.Release|x64.Build.0 = Release|Any CPU
		{329E0280-621B-4DC2-8A27-B83B8767DEA2}.Release|x86.ActiveCfg = Release|Any CPU
		{329E0280-621B-4DC2-8A27-B83B8767DEA2}.Release|x86.Build.0 = Release|Any CPU
		{E9E85412-F18B-433A-8B52-AC0319C648C4}.Debug|Any CPU.ActiveCfg = Debug|Any CPU
		{E9E85412-F18B-433A-8B52-AC0319C648C4}.Debug|Any CPU.Build.0 = Debug|Any CPU
		{E9E85412-F18B-433A-8B52-AC0319C648C4}.Debug|x64.ActiveCfg = Debug|Any CPU
		{E9E85412-F18B-433A-8B52-AC0319C648C4}.Debug|x64.Build.0 = Debug|Any CPU
		{E9E85412-F18B-433A-8B52-AC0319C648C4}.Debug|x86.ActiveCfg = Debug|Any CPU
		{E9E85412-F18B-433A-8B52-AC0319C648C4}.Debug|x86.Build.0 = Debug|Any CPU
		{E9E85412-F18B-433A-8B52-AC0319C648C4}.Release|Any CPU.ActiveCfg = Release|Any CPU
		{E9E85412-F18B-433A-8B52-AC0319C648C4}.Release|Any CPU.Build.0 = Release|Any CPU
		{E9E85412-F18B-433A-8B52-AC0319C648C4}.Release|x64.ActiveCfg = Release|Any CPU
		{E9E85412-F18B-433A-8B52-AC0319C648C4}.Release|x64.Build.0 = Release|Any CPU
		{E9E85412-F18B-433A-8B52-AC0319C648C4}.Release|x86.ActiveCfg = Release|Any CPU
		{E9E85412-F18B-433A-8B52-AC0319C648C4}.Release|x86.Build.0 = Release|Any CPU
		{6AEE2E08-E313-4777-A38E-13CC53244586}.Debug|Any CPU.ActiveCfg = Debug|Any CPU
		{6AEE2E08-E313-4777-A38E-13CC53244586}.Debug|Any CPU.Build.0 = Debug|Any CPU
		{6AEE2E08-E313-4777-A38E-13CC53244586}.Debug|x64.ActiveCfg = Debug|Any CPU
		{6AEE2E08-E313-4777-A38E-13CC53244586}.Debug|x64.Build.0 = Debug|Any CPU
		{6AEE2E08-E313-4777-A38E-13CC53244586}.Debug|x86.ActiveCfg = Debug|Any CPU
		{6AEE2E08-E313-4777-A38E-13CC53244586}.Debug|x86.Build.0 = Debug|Any CPU
		{6AEE2E08-E313-4777-A38E-13CC53244586}.Release|Any CPU.ActiveCfg = Release|Any CPU
		{6AEE2E08-E313-4777-A38E-13CC53244586}.Release|Any CPU.Build.0 = Release|Any CPU
		{6AEE2E08-E313-4777-A38E-13CC53244586}.Release|x64.ActiveCfg = Release|Any CPU
		{6AEE2E08-E313-4777-A38E-13CC53244586}.Release|x64.Build.0 = Release|Any CPU
		{6AEE2E08-E313-4777-A38E-13CC53244586}.Release|x86.ActiveCfg = Release|Any CPU
		{6AEE2E08-E313-4777-A38E-13CC53244586}.Release|x86.Build.0 = Release|Any CPU
		{5C6871B7-C45B-4921-8E90-1D9AAFE25EE5}.Debug|Any CPU.ActiveCfg = Debug|Any CPU
		{5C6871B7-C45B-4921-8E90-1D9AAFE25EE5}.Debug|Any CPU.Build.0 = Debug|Any CPU
		{5C6871B7-C45B-4921-8E90-1D9AAFE25EE5}.Debug|x64.ActiveCfg = Debug|Any CPU
		{5C6871B7-C45B-4921-8E90-1D9AAFE25EE5}.Debug|x64.Build.0 = Debug|Any CPU
		{5C6871B7-C45B-4921-8E90-1D9AAFE25EE5}.Debug|x86.ActiveCfg = Debug|Any CPU
		{5C6871B7-C45B-4921-8E90-1D9AAFE25EE5}.Debug|x86.Build.0 = Debug|Any CPU
		{5C6871B7-C45B-4921-8E90-1D9AAFE25EE5}.Release|Any CPU.ActiveCfg = Release|Any CPU
		{5C6871B7-C45B-4921-8E90-1D9AAFE25EE5}.Release|Any CPU.Build.0 = Release|Any CPU
		{5C6871B7-C45B-4921-8E90-1D9AAFE25EE5}.Release|x64.ActiveCfg = Release|Any CPU
		{5C6871B7-C45B-4921-8E90-1D9AAFE25EE5}.Release|x64.Build.0 = Release|Any CPU
		{5C6871B7-C45B-4921-8E90-1D9AAFE25EE5}.Release|x86.ActiveCfg = Release|Any CPU
		{5C6871B7-C45B-4921-8E90-1D9AAFE25EE5}.Release|x86.Build.0 = Release|Any CPU
		{BABDC51B-0DF1-44F5-B698-7E361BB49D34}.Debug|Any CPU.ActiveCfg = Debug|Any CPU
		{BABDC51B-0DF1-44F5-B698-7E361BB49D34}.Debug|Any CPU.Build.0 = Debug|Any CPU
		{BABDC51B-0DF1-44F5-B698-7E361BB49D34}.Debug|x64.ActiveCfg = Debug|Any CPU
		{BABDC51B-0DF1-44F5-B698-7E361BB49D34}.Debug|x64.Build.0 = Debug|Any CPU
		{BABDC51B-0DF1-44F5-B698-7E361BB49D34}.Debug|x86.ActiveCfg = Debug|Any CPU
		{BABDC51B-0DF1-44F5-B698-7E361BB49D34}.Debug|x86.Build.0 = Debug|Any CPU
		{BABDC51B-0DF1-44F5-B698-7E361BB49D34}.Release|Any CPU.ActiveCfg = Release|Any CPU
		{BABDC51B-0DF1-44F5-B698-7E361BB49D34}.Release|Any CPU.Build.0 = Release|Any CPU
		{BABDC51B-0DF1-44F5-B698-7E361BB49D34}.Release|x64.ActiveCfg = Release|Any CPU
		{BABDC51B-0DF1-44F5-B698-7E361BB49D34}.Release|x64.Build.0 = Release|Any CPU
		{BABDC51B-0DF1-44F5-B698-7E361BB49D34}.Release|x86.ActiveCfg = Release|Any CPU
		{BABDC51B-0DF1-44F5-B698-7E361BB49D34}.Release|x86.Build.0 = Release|Any CPU
		{E8008AEA-7A65-4EDE-890E-F6EAB4DCAF9E}.Debug|Any CPU.ActiveCfg = Debug|Any CPU
		{E8008AEA-7A65-4EDE-890E-F6EAB4DCAF9E}.Debug|Any CPU.Build.0 = Debug|Any CPU
		{E8008AEA-7A65-4EDE-890E-F6EAB4DCAF9E}.Debug|x64.ActiveCfg = Debug|Any CPU
		{E8008AEA-7A65-4EDE-890E-F6EAB4DCAF9E}.Debug|x64.Build.0 = Debug|Any CPU
		{E8008AEA-7A65-4EDE-890E-F6EAB4DCAF9E}.Debug|x86.ActiveCfg = Debug|Any CPU
		{E8008AEA-7A65-4EDE-890E-F6EAB4DCAF9E}.Debug|x86.Build.0 = Debug|Any CPU
		{E8008AEA-7A65-4EDE-890E-F6EAB4DCAF9E}.Release|Any CPU.ActiveCfg = Release|Any CPU
		{E8008AEA-7A65-4EDE-890E-F6EAB4DCAF9E}.Release|Any CPU.Build.0 = Release|Any CPU
		{E8008AEA-7A65-4EDE-890E-F6EAB4DCAF9E}.Release|x64.ActiveCfg = Release|Any CPU
		{E8008AEA-7A65-4EDE-890E-F6EAB4DCAF9E}.Release|x64.Build.0 = Release|Any CPU
		{E8008AEA-7A65-4EDE-890E-F6EAB4DCAF9E}.Release|x86.ActiveCfg = Release|Any CPU
		{E8008AEA-7A65-4EDE-890E-F6EAB4DCAF9E}.Release|x86.Build.0 = Release|Any CPU
		{909CC7A4-1100-4B96-BB18-4B4A0B82CB0D}.Debug|Any CPU.ActiveCfg = Debug|Any CPU
		{909CC7A4-1100-4B96-BB18-4B4A0B82CB0D}.Debug|Any CPU.Build.0 = Debug|Any CPU
		{909CC7A4-1100-4B96-BB18-4B4A0B82CB0D}.Debug|x64.ActiveCfg = Debug|Any CPU
		{909CC7A4-1100-4B96-BB18-4B4A0B82CB0D}.Debug|x64.Build.0 = Debug|Any CPU
		{909CC7A4-1100-4B96-BB18-4B4A0B82CB0D}.Debug|x86.ActiveCfg = Debug|Any CPU
		{909CC7A4-1100-4B96-BB18-4B4A0B82CB0D}.Debug|x86.Build.0 = Debug|Any CPU
		{909CC7A4-1100-4B96-BB18-4B4A0B82CB0D}.Release|Any CPU.ActiveCfg = Release|Any CPU
		{909CC7A4-1100-4B96-BB18-4B4A0B82CB0D}.Release|Any CPU.Build.0 = Release|Any CPU
		{909CC7A4-1100-4B96-BB18-4B4A0B82CB0D}.Release|x64.ActiveCfg = Release|Any CPU
		{909CC7A4-1100-4B96-BB18-4B4A0B82CB0D}.Release|x64.Build.0 = Release|Any CPU
		{909CC7A4-1100-4B96-BB18-4B4A0B82CB0D}.Release|x86.ActiveCfg = Release|Any CPU
		{909CC7A4-1100-4B96-BB18-4B4A0B82CB0D}.Release|x86.Build.0 = Release|Any CPU
		{44D2E6E3-DAF2-4938-91C7-905E1E705F45}.Debug|Any CPU.ActiveCfg = Debug|Any CPU
		{44D2E6E3-DAF2-4938-91C7-905E1E705F45}.Debug|Any CPU.Build.0 = Debug|Any CPU
		{44D2E6E3-DAF2-4938-91C7-905E1E705F45}.Debug|x64.ActiveCfg = Debug|Any CPU
		{44D2E6E3-DAF2-4938-91C7-905E1E705F45}.Debug|x64.Build.0 = Debug|Any CPU
		{44D2E6E3-DAF2-4938-91C7-905E1E705F45}.Debug|x86.ActiveCfg = Debug|Any CPU
		{44D2E6E3-DAF2-4938-91C7-905E1E705F45}.Debug|x86.Build.0 = Debug|Any CPU
		{44D2E6E3-DAF2-4938-91C7-905E1E705F45}.Release|Any CPU.ActiveCfg = Release|Any CPU
		{44D2E6E3-DAF2-4938-91C7-905E1E705F45}.Release|Any CPU.Build.0 = Release|Any CPU
		{44D2E6E3-DAF2-4938-91C7-905E1E705F45}.Release|x64.ActiveCfg = Release|Any CPU
		{44D2E6E3-DAF2-4938-91C7-905E1E705F45}.Release|x64.Build.0 = Release|Any CPU
		{44D2E6E3-DAF2-4938-91C7-905E1E705F45}.Release|x86.ActiveCfg = Release|Any CPU
		{44D2E6E3-DAF2-4938-91C7-905E1E705F45}.Release|x86.Build.0 = Release|Any CPU
		{95EB1353-1D20-4D3C-A52F-01499F3096A8}.Debug|Any CPU.ActiveCfg = Debug|Any CPU
		{95EB1353-1D20-4D3C-A52F-01499F3096A8}.Debug|Any CPU.Build.0 = Debug|Any CPU
		{95EB1353-1D20-4D3C-A52F-01499F3096A8}.Debug|x64.ActiveCfg = Debug|Any CPU
		{95EB1353-1D20-4D3C-A52F-01499F3096A8}.Debug|x64.Build.0 = Debug|Any CPU
		{95EB1353-1D20-4D3C-A52F-01499F3096A8}.Debug|x86.ActiveCfg = Debug|Any CPU
		{95EB1353-1D20-4D3C-A52F-01499F3096A8}.Debug|x86.Build.0 = Debug|Any CPU
		{95EB1353-1D20-4D3C-A52F-01499F3096A8}.Release|Any CPU.ActiveCfg = Release|Any CPU
		{95EB1353-1D20-4D3C-A52F-01499F3096A8}.Release|Any CPU.Build.0 = Release|Any CPU
		{95EB1353-1D20-4D3C-A52F-01499F3096A8}.Release|x64.ActiveCfg = Release|Any CPU
		{95EB1353-1D20-4D3C-A52F-01499F3096A8}.Release|x64.Build.0 = Release|Any CPU
		{95EB1353-1D20-4D3C-A52F-01499F3096A8}.Release|x86.ActiveCfg = Release|Any CPU
		{95EB1353-1D20-4D3C-A52F-01499F3096A8}.Release|x86.Build.0 = Release|Any CPU
		{188B8812-2FC9-4914-9C4C-45693EC2B24F}.Debug|Any CPU.ActiveCfg = Debug|Any CPU
		{188B8812-2FC9-4914-9C4C-45693EC2B24F}.Debug|Any CPU.Build.0 = Debug|Any CPU
		{188B8812-2FC9-4914-9C4C-45693EC2B24F}.Debug|x64.ActiveCfg = Debug|Any CPU
		{188B8812-2FC9-4914-9C4C-45693EC2B24F}.Debug|x64.Build.0 = Debug|Any CPU
		{188B8812-2FC9-4914-9C4C-45693EC2B24F}.Debug|x86.ActiveCfg = Debug|Any CPU
		{188B8812-2FC9-4914-9C4C-45693EC2B24F}.Debug|x86.Build.0 = Debug|Any CPU
		{188B8812-2FC9-4914-9C4C-45693EC2B24F}.Release|Any CPU.ActiveCfg = Release|Any CPU
		{188B8812-2FC9-4914-9C4C-45693EC2B24F}.Release|Any CPU.Build.0 = Release|Any CPU
		{188B8812-2FC9-4914-9C4C-45693EC2B24F}.Release|x64.ActiveCfg = Release|Any CPU
		{188B8812-2FC9-4914-9C4C-45693EC2B24F}.Release|x64.Build.0 = Release|Any CPU
		{188B8812-2FC9-4914-9C4C-45693EC2B24F}.Release|x86.ActiveCfg = Release|Any CPU
		{188B8812-2FC9-4914-9C4C-45693EC2B24F}.Release|x86.Build.0 = Release|Any CPU
	EndGlobalSection
	GlobalSection(SolutionProperties) = preSolution
		HideSolutionNode = FALSE
	EndGlobalSection
	GlobalSection(NestedProjects) = preSolution
		{984BB9B3-3FA3-BE33-9484-CAC21695A33C} = {827E0CD3-B72D-47B6-A68D-7590B98EB39B}
		{6909FB1D-EAC5-9EF3-37B3-04A8200CE0F3} = {984BB9B3-3FA3-BE33-9484-CAC21695A33C}
		{97FD5BCB-D164-4F52-8C64-5EA1C8D67963} = {6909FB1D-EAC5-9EF3-37B3-04A8200CE0F3}
		{42C16BE7-49C7-4F1C-9C97-F1CDA0E18AEC} = {6909FB1D-EAC5-9EF3-37B3-04A8200CE0F3}
		{F7C7C3B8-7245-4488-9ECC-B37E2E0E881C} = {6909FB1D-EAC5-9EF3-37B3-04A8200CE0F3}
		{99FE3BA8-EC71-4478-A0C5-BDFD7C4F0FDA} = {827E0CD3-B72D-47B6-A68D-7590B98EB39B}
		{67450B0F-162F-44F0-9788-274C5B35C286} = {6909FB1D-EAC5-9EF3-37B3-04A8200CE0F3}
		{EA41D694-7CD1-CCB7-380A-ACC36FD0541F} = {984BB9B3-3FA3-BE33-9484-CAC21695A33C}
		{8E085873-CA46-43A7-AA14-BD4E8E6D1A38} = {EA41D694-7CD1-CCB7-380A-ACC36FD0541F}
		{748872E6-7369-474E-9EA5-E78DAC8F0534} = {EA41D694-7CD1-CCB7-380A-ACC36FD0541F}
		{02661E32-1AD0-4BC6-8DD6-918935FCE61A} = {EA41D694-7CD1-CCB7-380A-ACC36FD0541F}
		{D5C6F152-3972-45F5-8D57-42139E1BD9ED} = {EA41D694-7CD1-CCB7-380A-ACC36FD0541F}
		{BC44AD1E-60C9-9EA1-D7ED-687AA9EFEF7C} = {984BB9B3-3FA3-BE33-9484-CAC21695A33C}
		{FE4128BB-C380-45A8-A5AC-FF7801AF6C5F} = {BC44AD1E-60C9-9EA1-D7ED-687AA9EFEF7C}
		{329E0280-621B-4DC2-8A27-B83B8767DEA2} = {BC44AD1E-60C9-9EA1-D7ED-687AA9EFEF7C}
		{E9E85412-F18B-433A-8B52-AC0319C648C4} = {BC44AD1E-60C9-9EA1-D7ED-687AA9EFEF7C}
		{6AEE2E08-E313-4777-A38E-13CC53244586} = {BC44AD1E-60C9-9EA1-D7ED-687AA9EFEF7C}
		{6306A8FB-679E-111F-6585-8F70E0EE6013} = {827E0CD3-B72D-47B6-A68D-7590B98EB39B}
		{5C6871B7-C45B-4921-8E90-1D9AAFE25EE5} = {6306A8FB-679E-111F-6585-8F70E0EE6013}
		{00B920E4-100F-D869-D8B1-04B3A2ED45DA} = {827E0CD3-B72D-47B6-A68D-7590B98EB39B}
		{BABDC51B-0DF1-44F5-B698-7E361BB49D34} = {00B920E4-100F-D869-D8B1-04B3A2ED45DA}
		{E8008AEA-7A65-4EDE-890E-F6EAB4DCAF9E} = {0C88DD14-F956-CE84-757C-A364CCF449FC}
		{909CC7A4-1100-4B96-BB18-4B4A0B82CB0D} = {0C88DD14-F956-CE84-757C-A364CCF449FC}
		{44D2E6E3-DAF2-4938-91C7-905E1E705F45} = {0C88DD14-F956-CE84-757C-A364CCF449FC}
		{95EB1353-1D20-4D3C-A52F-01499F3096A8} = {0C88DD14-F956-CE84-757C-A364CCF449FC}
		{188B8812-2FC9-4914-9C4C-45693EC2B24F} = {0C88DD14-F956-CE84-757C-A364CCF449FC}
	EndGlobalSection
EndGlobal
